
Microsoft Visual Studio Solution File, Format Version 12.00
# Visual Studio Version 17
VisualStudioVersion = 17.14.36221.1
MinimumVisualStudioVersion = 10.0.40219.1
Project("{FAE04EC0-301F-11D3-BF4B-00C04F79EFBC}") = "FSH.OfflineSync", "FSH.OfflineSync.csproj", "{9648E77E-CB3E-4006-ACAB-A6A8DA1CFD69}"
EndProject
Global
	GlobalSection(SolutionConfigurationPlatforms) = preSolution
		Debug|Any CPU = Debug|Any CPU
		Release|Any CPU = Release|Any CPU
	EndGlobalSection
	GlobalSection(ProjectConfigurationPlatforms) = postSolution
		{9648E77E-CB3E-4006-ACAB-A6A8DA1CFD69}.Debug|Any CPU.ActiveCfg = Debug|Any CPU
		{9648E77E-CB3E-4006-ACAB-A6A8DA1CFD69}.Debug|Any CPU.Build.0 = Debug|Any CPU
		{9648E77E-CB3E-4006-ACAB-A6A8DA1CFD69}.Release|Any CPU.ActiveCfg = Release|Any CPU
		{9648E77E-CB3E-4006-ACAB-A6A8DA1CFD69}.Release|Any CPU.Build.0 = Release|Any CPU
	EndGlobalSection
	GlobalSection(SolutionProperties) = preSolution
		HideSolutionNode = FALSE
	EndGlobalSection
	GlobalSection(ExtensibilityGlobals) = postSolution
		SolutionGuid = {CFD79AF6-FD4B-4E8D-8168-A63D597A1DDA}
	EndGlobalSection
EndGlobal
